{
  "name": "Spotify-Genius-Lyrics-userscript",
  "version": "13.0.0",
  "lockfileVersion": 1,
  "dependencies": {
    "botkit": {
      "version": "github:cvzi/GeniusLyricsUserscriptLibrary#d1eea8d733f318ab50a5a9d2cb5321652ea79c47",
      "from": "github:cvzi/GeniusLyricsUserscriptLibrary"
    }
  }
}
